
Microsoft Visual Studio Solution File, Format Version 12.00
# Visual Studio Version 16
VisualStudioVersion = 16.0.29911.84
MinimumVisualStudioVersion = 10.0.40219.1
Project("{FAE04EC0-301F-11D3-BF4B-00C04F79EFBC}") = "ContactListService", "ContactListService\ContactListService.csproj", "{3EEAEE41-3916-4823-A08B-5932F49B9569}"
EndProject
Global
	GlobalSection(SolutionConfigurationPlatforms) = preSolution
		Debug|Any CPU = Debug|Any CPU
		Release|Any CPU = Release|Any CPU
	EndGlobalSection
	GlobalSection(ProjectConfigurationPlatforms) = postSolution
		{3EEAEE41-3916-4823-A08B-5932F49B9569}.Debug|Any CPU.ActiveCfg = Debug|Any CPU
		{3EEAEE41-3916-4823-A08B-5932F49B9569}.Debug|Any CPU.Build.0 = Debug|Any CPU
		{3EEAEE41-3916-4823-A08B-5932F49B9569}.Release|Any CPU.ActiveCfg = Release|Any CPU
		{3EEAEE41-3916-4823-A08B-5932F49B9569}.Release|Any CPU.Build.0 = Release|Any CPU
	EndGlobalSection
	GlobalSection(SolutionProperties) = preSolution
		HideSolutionNode = FALSE
	EndGlobalSection
	GlobalSection(ExtensibilityGlobals) = postSolution
		SolutionGuid = {B10C08FF-397A-44E7-B515-F8E9E13EFC24}
	EndGlobalSection
EndGlobal
